// !$*UTF8*$!
{
	archiveVersion = 1;
	classes = {
	};
	objectVersion = 51;
	objects = {

/* Begin PBXBuildFile section */
		3235268827DB677E00D51E9C /* AppDelegate.swift in Sources */ = {isa = PBXBuildFile; fileRef = 3235268727DB677E00D51E9C /* AppDelegate.swift */; };
		3235268A27DB677E00D51E9C /* SceneDelegate.swift in Sources */ = {isa = PBXBuildFile; fileRef = 3235268927DB677E00D51E9C /* SceneDelegate.swift */; };
		3235268C27DB677E00D51E9C /* ViewController.swift in Sources */ = {isa = PBXBuildFile; fileRef = 3235268B27DB677E00D51E9C /* ViewController.swift */; };
		3235268F27DB677E00D51E9C /* Main.storyboard in Resources */ = {isa = PBXBuildFile; fileRef = 3235268D27DB677E00D51E9C /* Main.storyboard */; };
		3235269127DB678000D51E9C /* Assets.xcassets in Resources */ = {isa = PBXBuildFile; fileRef = 3235269027DB678000D51E9C /* Assets.xcassets */; };
		3235269427DB678000D51E9C /* LaunchScreen.storyboard in Resources */ = {isa = PBXBuildFile; fileRef = 3235269227DB678000D51E9C /* LaunchScreen.storyboard */; };
		EA94C66A30CAF81DD8D14828 /* Pods_DropDown_Demo.framework in Frameworks */ = {isa = PBXBuildFile; fileRef = 0AD2A20B09E520551C0EFD21 /* Pods_DropDown_Demo.framework */; };
/* End PBXBuildFile section */

/* Begin PBXFileReference section */
		0AD2A20B09E520551C0EFD21 /* Pods_DropDown_Demo.framework */ = {isa = PBXFileReference; explicitFileType = wrapper.framework; includeInIndex = 0; path = Pods_DropDown_Demo.framework; sourceTree = BUILT_PRODUCTS_DIR; };
		3235268427DB677E00D51E9C /* DropDown Demo.app */ = {isa = PBXFileReference; explicitFileType = wrapper.application; includeInIndex = 0; path = "DropDown Demo.app"; sourceTree = BUILT_PRODUCTS_DIR; };
		3235268727DB677E00D51E9C /* AppDelegate.swift */ = {isa = PBXFileReference; lastKnownFileType = sourcecode.swift; path = AppDelegate.swift; sourceTree = "<group>"; };
		3235268927DB677E00D51E9C /* SceneDelegate.swift */ = {isa = PBXFileReference; lastKnownFileType = sourcecode.swift; path = SceneDelegate.swift; sourceTree = "<group>"; };
		3235268B27DB677E00D51E9C /* ViewController.swift */ = {isa = PBXFileReference; lastKnownFileType = sourcecode.swift; path = ViewController.swift; sourceTree = "<group>"; };
		3235268E27DB677E00D51E9C /* Base */ = {isa = PBXFileReference; lastKnownFileType = file.storyboard; name = Base; path = Base.lproj/Main.storyboard; sourceTree = "<group>"; };
		3235269027DB678000D51E9C /* Assets.xcassets */ = {isa = PBXFileReference; lastKnownFileType = folder.assetcatalog; path = Assets.xcassets; sourceTree = "<group>"; };
		3235269327DB678000D51E9C /* Base */ = {isa = PBXFileReference; lastKnownFileType = file.storyboard; name = Base; path = Base.lproj/LaunchScreen.storyboard; sourceTree = "<group>"; };
		3235269527DB678000D51E9C /* Info.plist */ = {isa = PBXFileReference; lastKnownFileType = text.plist.xml; path = Info.plist; sourceTree = "<group>"; };
		85CA3AAB7D127CC25A344492 /* Pods-DropDown Demo.debug.xcconfig */ = {isa = PBXFileReference; includeInIndex = 1; lastKnownFileType = text.xcconfig; name = "Pods-DropDown Demo.debug.xcconfig"; path = "Target Support Files/Pods-DropDown Demo/Pods-DropDown Demo.debug.xcconfig"; sourceTree = "<group>"; };
		C70E31CA5B0E285A484818B6 /* Pods-DropDown Demo.release.xcconfig */ = {isa = PBXFileReference; includeInIndex = 1; lastKnownFileType = text.xcconfig; name = "Pods-DropDown Demo.release.xcconfig"; path = "Target Support Files/Pods-DropDown Demo/Pods-DropDown Demo.release.xcconfig"; sourceTree = "<group>"; };
/* End PBXFileReference section */

/* Begin PBXFrameworksBuildPhase section */
		3235268127DB677E00D51E9C /* Frameworks */ = {
			isa = PBXFrameworksBuildPhase;
			buildActionMask = 2147483647;
			files = (
				EA94C66A30CAF81DD8D14828 /* Pods_DropDown_Demo.framework in Frameworks */,
			);
			runOnlyForDeploymentPostprocessing = 0;
		};
/* End PBXFrameworksBuildPhase section */

/* Begin PBXGroup section */
		15C435FCCE7092664FB477C0 /* Frameworks */ = {
			isa = PBXGroup;
			children = (
				0AD2A20B09E520551C0EFD21 /* Pods_DropDown_Demo.framework */,
			);
			name = Frameworks;
			sourceTree = "<group>";
		};
		3235267B27DB677E00D51E9C = {
			isa = PBXGroup;
			children = (
				3235268627DB677E00D51E9C /* DropDown Demo */,
				3235268527DB677E00D51E9C /* Products */,
				8703513ABD64768D8096648B /* Pods */,
				15C435FCCE7092664FB477C0 /* Frameworks */,
			);
			sourceTree = "<group>";
		};
		3235268527DB677E00D51E9C /* Products */ = {
			isa = PBXGroup;
			children = (
				3235268427DB677E00D51E9C /* DropDown Demo.app */,
			);
			name = Products;
			sourceTree = "<group>";
		};
		3235268627DB677E00D51E9C /* DropDown Demo */ = {
			isa = PBXGroup;
			children = (
				3235268727DB677E00D51E9C /* AppDelegate.swift */,
				3235268927DB677E00D51E9C /* SceneDelegate.swift */,
				3235268B27DB677E00D51E9C /* ViewController.swift */,
				3235268D27DB677E00D51E9C /* Main.storyboard */,
				3235269027DB678000D51E9C /* Assets.xcassets */,
				3235269227DB678000D51E9C /* LaunchScreen.storyboard */,
				3235269527DB678000D51E9C /* Info.plist */,
			);
			path = "DropDown Demo";
			sourceTree = "<group>";
		};
		8703513ABD64768D8096648B /* Pods */ = {
			isa = PBXGroup;
			children = (
				85CA3AAB7D127CC25A344492 /* Pods-DropDown Demo.debug.xcconfig */,
				C70E31CA5B0E285A484818B6 /* Pods-DropDown Demo.release.xcconfig */,
			);
			path = Pods;
			sourceTree = "<group>";
		};
/* End PBXGroup section */

/* Begin PBXNativeTarget section */
		3235268327DB677E00D51E9C /* DropDown Demo */ = {
			isa = PBXNativeTarget;
			buildConfigurationList = 3235269827DB678000D51E9C /* Build configuration list for PBXNativeTarget "DropDown Demo" */;
			buildPhases = (
				86EA76F8E557B86E08D41966 /* [CP] Check Pods Manifest.lock */,
				3235268027DB677E00D51E9C /* Sources */,
				3235268127DB677E00D51E9C /* Frameworks */,
				3235268227DB677E00D51E9C /* Resources */,
				97307ECE2C03218204A50F26 /* [CP] Embed Pods Frameworks */,
			);
			buildRules = (
			);
			dependencies = (
			);
			name = "DropDown Demo";
			productName = "DropDown Demo";
			productReference = 3235268427DB677E00D51E9C /* DropDown Demo.app */;
			productType = "com.apple.product-type.application";
		};
/* End PBXNativeTarget section */

/* Begin PBXProject section */
		3235267C27DB677E00D51E9C /* Project object */ = {
			isa = PBXProject;
			attributes = {
				LastSwiftUpdateCheck = 1240;
				LastUpgradeCheck = 1240;
				TargetAttributes = {
					3235268327DB677E00D51E9C = {
						CreatedOnToolsVersion = 12.4;
					};
				};
			};
			buildConfigurationList = 3235267F27DB677E00D51E9C /* Build configuration list for PBXProject "DropDown Demo" */;
			compatibilityVersion = "Xcode 9.3";
			developmentRegion = en;
			hasScannedForEncodings = 0;
			knownRegions = (
				en,
				Base,
			);
			mainGroup = 3235267B27DB677E00D51E9C;
			productRefGroup = 3235268527DB677E00D51E9C /* Products */;
			projectDirPath = "";
			projectRoot = "";
			targets = (
				3235268327DB677E00D51E9C /* DropDown Demo */,
			);
		};
/* End PBXProject section */

/* Begin PBXResourcesBuildPhase section */
		3235268227DB677E00D51E9C /* Resources */ = {
			isa = PBXResourcesBuildPhase;
			buildActionMask = 2147483647;
			files = (
				3235269427DB678000D51E9C /* LaunchScreen.storyboard in Resources */,
				3235269127DB678000D51E9C /* Assets.xcassets in Resources */,
				3235268F27DB677E00D51E9C /* Main.storyboard in Resources */,
			);
			runOnlyForDeploymentPostprocessing = 0;
		};
/* End PBXResourcesBuildPhase section */

/* Begin PBXShellScriptBuildPhase section */
		86EA76F8E557B86E08D41966 /* [CP] Check Pods Manifest.lock */ = {
			isa = PBXShellScriptBuildPhase;
			buildActionMask = 2147483647;
			files = (
			);
			inputFileListPaths = (
			);
			inputPaths = (
				"${PODS_PODFILE_DIR_PATH}/Podfile.lock",
				"${PODS_ROOT}/Manifest.lock",
			);
			name = "[CP] Check Pods Manifest.lock";
			outputFileListPaths = (
			);
			outputPaths = (
				"$(DERIVED_FILE_DIR)/Pods-DropDown Demo-checkManifestLockResult.txt",
			);
			runOnlyForDeploymentPostprocessing = 0;
			shellPath = /bin/sh;
			shellScript = "diff \"${PODS_PODFILE_DIR_PATH}/Podfile.lock\" \"${PODS_ROOT}/Manifest.lock\" > /dev/null\nif [ $? != 0 ] ; then\n    # print error to STDERR\n    echo \"error: The sandbox is not in sync with the Podfile.lock. Run 'pod install' or update your CocoaPods installation.\" >&2\n    exit 1\nfi\n# This output is used by Xcode 'outputs' to avoid re-running this script phase.\necho \"SUCCESS\" > \"${SCRIPT_OUTPUT_FILE_0}\"\n";
			showEnvVarsInLog = 0;
		};
		97307ECE2C03218204A50F26 /* [CP] Embed Pods Frameworks */ = {
			isa = PBXShellScriptBuildPhase;
			buildActionMask = 2147483647;
			files = (
			);
			inputFileListPaths = (
				"${PODS_ROOT}/Target Support Files/Pods-DropDown Demo/Pods-DropDown Demo-frameworks-${CONFIGURATION}-input-files.xcfilelist",
			);
			name = "[CP] Embed Pods Frameworks";
			outputFileListPaths = (
				"${PODS_ROOT}/Target Support Files/Pods-DropDown Demo/Pods-DropDown Demo-frameworks-${CONFIGURATION}-output-files.xcfilelist",
			);
			runOnlyForDeploymentPostprocessing = 0;
			shellPath = /bin/sh;
			shellScript = "\"${PODS_ROOT}/Target Support Files/Pods-DropDown Demo/Pods-DropDown Demo-frameworks.sh\"\n";
			showEnvVarsInLog = 0;
		};
/* End PBXShellScriptBuildPhase section */

/* Begin PBXSourcesBuildPhase section */
		3235268027DB677E00D51E9C /* Sources */ = {
			isa = PBXSourcesBuildPhase;
			buildActionMask = 2147483647;
			files = (
				3235268C27DB677E00D51E9C /* ViewController.swift in Sources */,
				3235268827DB677E00D51E9C /* AppDelegate.swift in Sources */,
				3235268A27DB677E00D51E9C /* SceneDelegate.swift in Sources */,
			);
			runOnlyForDeploymentPostprocessing = 0;
		};
/* End PBXSourcesBuildPhase section */

/* Begin PBXVariantGroup section */
		3235268D27DB677E00D51E9C /* Main.storyboard */ = {
			isa = PBXVariantGroup;
			children = (
				3235268E27DB677E00D51E9C /* Base */,
			);
			name = Main.storyboard;
			sourceTree = "<group>";
		};
		3235269227DB678000D51E9C /* LaunchScreen.storyboard */ = {
			isa = PBXVariantGroup;
			children = (
				3235269327DB678000D51E9C /* Base */,
			);
			name = LaunchScreen.storyboard;
			sourceTree = "<group>";
		};
/* End PBXVariantGroup section */

/* Begin XCBuildConfiguration section */
		3235269627DB678000D51E9C /* Debug */ = {
			isa = XCBuildConfiguration;
			buildSettings = {
				ALWAYS_SEARCH_USER_PATHS = NO;
				CLANG_ANALYZER_NONNULL = YES;
				CLANG_ANALYZER_NUMBER_OBJECT_CONVERSION = YES_AGGRESSIVE;
				CLANG_CXX_LANGUAGE_STANDARD = "gnu++14";
				CLANG_CXX_LIBRARY = "libc++";
				CLANG_ENABLE_MODULES = YES;
				CLANG_ENABLE_OBJC_ARC = YES;
				CLANG_ENABLE_OBJC_WEAK = YES;
				CLANG_WARN_BLOCK_CAPTURE_AUTORELEASING = YES;
				CLANG_WARN_BOOL_CONVERSION = YES;
				CLANG_WARN_COMMA = YES;
				CLANG_WARN_CONSTANT_CONVERSION = YES;
				CLANG_WARN_DEPRECATED_OBJC_IMPLEMENTATIONS = YES;
				CLANG_WARN_DIRECT_OBJC_ISA_USAGE = YES_ERROR;
				CLANG_WARN_DOCUMENTATION_COMMENTS = YES;
				CLANG_WARN_EMPTY_BODY = YES;
				CLANG_WARN_ENUM_CONVERSION = YES;
				CLANG_WARN_INFINITE_RECURSION = YES;
				CLANG_WARN_INT_CONVERSION = YES;
				CLANG_WARN_NON_LITERAL_NULL_CONVERSION = YES;
				CLANG_WARN_OBJC_IMPLICIT_RETAIN_SELF = YES;
				CLANG_WARN_OBJC_LITERAL_CONVERSION = YES;
				CLANG_WARN_OBJC_ROOT_CLASS = YES_ERROR;
				CLANG_WARN_QUOTED_INCLUDE_IN_FRAMEWORK_HEADER = YES;
				CLANG_WARN_RANGE_LOOP_ANALYSIS = YES;
				CLANG_WARN_STRICT_PROTOTYPES = YES;
				CLANG_WARN_SUSPICIOUS_MOVE = YES;
				CLANG_WARN_UNGUARDED_AVAILABILITY = YES_AGGRESSIVE;
				CLANG_WARN_UNREACHABLE_CODE = YES;
				CLANG_WARN__DUPLICATE_METHOD_MATCH = YES;
				COPY_PHASE_STRIP = NO;
				DEBUG_INFORMATION_FORMAT = dwarf;
				ENABLE_STRICT_OBJC_MSGSEND = YES;
				ENABLE_TESTABILITY = YES;
				GCC_C_LANGUAGE_STANDARD = gnu11;
				GCC_DYNAMIC_NO_PIC = NO;
				GCC_NO_COMMON_BLOCKS = YES;
				GCC_OPTIMIZATION_LEVEL = 0;
				GCC_PREPROCESSOR_DEFINITIONS = (
					"DEBUG=1",
					"$(inherited)",
				);
				GCC_WARN_64_TO_32_BIT_CONVERSION = YES;
				GCC_WARN_ABOUT_RETURN_TYPE = YES_ERROR;
				GCC_WARN_UNDECLARED_SELECTOR = YES;
				GCC_WARN_UNINITIALIZED_AUTOS = YES_AGGRESSIVE;
				GCC_WARN_UNUSED_FUNCTION = YES;
				GCC_WARN_UNUSED_VARIABLE = YES;
				IPHONEOS_DEPLOYMENT_TARGET = 14.4;
				MTL_ENABLE_DEBUG_INFO = INCLUDE_SOURCE;
				MTL_FAST_MATH = YES;
				ONLY_ACTIVE_ARCH = YES;
				SDKROOT = iphoneos;
				SWIFT_ACTIVE_COMPILATION_CONDITIONS = DEBUG;
				SWIFT_OPTIMIZATION_LEVEL = "-Onone";
			};
			name = Debug;
		};
		3235269727DB678000D51E9C /* Release */ = {
			isa = XCBuildConfiguration;
			buildSettings = {
				ALWAYS_SEARCH_USER_PATHS = NO;
				CLANG_ANALYZER_NONNULL = YES;
				CLANG_ANALYZER_NUMBER_OBJECT_CONVERSION = YES_AGGRESSIVE;
				CLANG_CXX_LANGUAGE_STANDARD = "gnu++14";
				CLANG_CXX_LIBRARY = "libc++";
				CLANG_ENABLE_MODULES = YES;
				CLANG_ENABLE_OBJC_ARC = YES;
				CLANG_ENABLE_OBJC_WEAK = YES;
				CLANG_WARN_BLOCK_CAPTURE_AUTORELEASING = YES;
				CLANG_WARN_BOOL_CONVERSION = YES;
				CLANG_WARN_COMMA = YES;
				CLANG_WARN_CONSTANT_CONVERSION = YES;
				CLANG_WARN_DEPRECATED_OBJC_IMPLEMENTATIONS = YES;
				CLANG_WARN_DIRECT_OBJC_ISA_USAGE = YES_ERROR;
				CLANG_WARN_DOCUMENTATION_COMMENTS = YES;
				CLANG_WARN_EMPTY_BODY = YES;
				CLANG_WARN_ENUM_CONVERSION = YES;
				CLANG_WARN_INFINITE_RECURSION = YES;
				CLANG_WARN_INT_CONVERSION = YES;
				CLANG_WARN_NON_LITERAL_NULL_CONVERSION = YES;
				CLANG_WARN_OBJC_IMPLICIT_RETAIN_SELF = YES;
				CLANG_WARN_OBJC_LITERAL_CONVERSION = YES;
				CLANG_WARN_OBJC_ROOT_CLASS = YES_ERROR;
				CLANG_WARN_QUOTED_INCLUDE_IN_FRAMEWORK_HEADER = YES;
				CLANG_WARN_RANGE_LOOP_ANALYSIS = YES;
				CLANG_WARN_STRICT_PROTOTYPES = YES;
				CLANG_WARN_SUSPICIOUS_MOVE = YES;
				CLANG_WARN_UNGUARDED_AVAILABILITY = YES_AGGRESSIVE;
				CLANG_WARN_UNREACHABLE_CODE = YES;
				CLANG_WARN__DUPLICATE_METHOD_MATCH = YES;
				COPY_PHASE_STRIP = NO;
				DEBUG_INFORMATION_FORMAT = "dwarf-with-dsym";
				ENABLE_NS_ASSERTIONS = NO;
				ENABLE_STRICT_OBJC_MSGSEND = YES;
				GCC_C_LANGUAGE_STANDARD = gnu11;
				GCC_NO_COMMON_BLOCKS = YES;
				GCC_WARN_64_TO_32_BIT_CONVERSION = YES;
				GCC_WARN_ABOUT_RETURN_TYPE = YES_ERROR;
				GCC_WARN_UNDECLARED_SELECTOR = YES;
				GCC_WARN_UNINITIALIZED_AUTOS = YES_AGGRESSIVE;
				GCC_WARN_UNUSED_FUNCTION = YES;
				GCC_WARN_UNUSED_VARIABLE = YES;
				IPHONEOS_DEPLOYMENT_TARGET = 14.4;
				MTL_ENABLE_DEBUG_INFO = NO;
				MTL_FAST_MATH = YES;
				SDKROOT = iphoneos;
				SWIFT_COMPILATION_MODE = wholemodule;
				SWIFT_OPTIMIZATION_LEVEL = "-O";
				VALIDATE_PRODUCT = YES;
			};
			name = Release;
		};
		3235269927DB678000D51E9C /* Debug */ = {
			isa = XCBuildConfiguration;
			baseConfigurationReference = 85CA3AAB7D127CC25A344492 /* Pods-DropDown Demo.debug.xcconfig */;
			buildSettings = {
				ASSETCATALOG_COMPILER_APPICON_NAME = AppIcon;
				ASSETCATALOG_COMPILER_GLOBAL_ACCENT_COLOR_NAME = AccentColor;
				CODE_SIGN_STYLE = Automatic;
				DEVELOPMENT_TEAM = A74FC7XPB9;
				INFOPLIST_FILE = "DropDown Demo/Info.plist";
				LD_RUNPATH_SEARCH_PATHS = (
					"$(inherited)",
					"@executable_path/Frameworks",
				);
				PRODUCT_BUNDLE_IDENTIFIER = "com.KAH-Services.DropDown-Demo";
				PRODUCT_NAME = "$(TARGET_NAME)";
				SWIFT_VERSION = 5.0;
				TARGETED_DEVICE_FAMILY = "1,2";
			};
			name = Debug;
		};
		3235269A27DB678000D51E9C /* Release */ = {
			isa = XCBuildConfiguration;
			baseConfigurationReference = C70E31CA5B0E285A484818B6 /* Pods-DropDown Demo.release.xcconfig */;
			buildSettings = {
				ASSETCATALOG_COMPILER_APPICON_NAME = AppIcon;
				ASSETCATALOG_COMPILER_GLOBAL_ACCENT_COLOR_NAME = AccentColor;
				CODE_SIGN_STYLE = Automatic;
				DEVELOPMENT_TEAM = A74FC7XPB9;
				INFOPLIST_FILE = "DropDown Demo/Info.plist";
				LD_RUNPATH_SEARCH_PATHS = (
					"$(inherited)",
					"@executable_path/Frameworks",
				);
				PRODUCT_BUNDLE_IDENTIFIER = "com.KAH-Services.DropDown-Demo";
				PRODUCT_NAME = "$(TARGET_NAME)";
				SWIFT_VERSION = 5.0;
				TARGETED_DEVICE_FAMILY = "1,2";
			};
			name = Release;
		};
/* End XCBuildConfiguration section */

/* Begin XCConfigurationList section */
		3235267F27DB677E00D51E9C /* Build configuration list for PBXProject "DropDown Demo" */ = {
			isa = XCConfigurationList;
			buildConfigurations = (
				3235269627DB678000D51E9C /* Debug */,
				3235269727DB678000D51E9C /* Release */,
			);
			defaultConfigurationIsVisible = 0;
			defaultConfigurationName = Release;
		};
		3235269827DB678000D51E9C /* Build configuration list for PBXNativeTarget "DropDown Demo" */ = {
			isa = XCConfigurationList;
			buildConfigurations = (
				3235269927DB678000D51E9C /* Debug */,
				3235269A27DB678000D51E9C /* Release */,
			);
			defaultConfigurationIsVisible = 0;
			defaultConfigurationName = Release;
		};
/* End XCConfigurationList section */
	};
	rootObject = 3235267C27DB677E00D51E9C /* Project object */;
}
