// !$*UTF8*$!
{
	archiveVersion = 1;
	classes = {
	};
	objectVersion = 50;
	objects = {

/* Begin PBXBuildFile section */
		325CA99226682F8E0095DAF6 /* AppDelegate.swift in Sources */ = {isa = PBXBuildFile; fileRef = 325CA99126682F8E0095DAF6 /* AppDelegate.swift */; };
		325CA99426682F8E0095DAF6 /* SceneDelegate.swift in Sources */ = {isa = PBXBuildFile; fileRef = 325CA99326682F8E0095DAF6 /* SceneDelegate.swift */; };
		325CA99626682F8E0095DAF6 /* ContentView.swift in Sources */ = {isa = PBXBuildFile; fileRef = 325CA99526682F8E0095DAF6 /* ContentView.swift */; };
		325CA99826682F910095DAF6 /* Assets.xcassets in Resources */ = {isa = PBXBuildFile; fileRef = 325CA99726682F910095DAF6 /* Assets.xcassets */; };
		325CA99B26682F910095DAF6 /* Preview Assets.xcassets in Resources */ = {isa = PBXBuildFile; fileRef = 325CA99A26682F910095DAF6 /* Preview Assets.xcassets */; };
		325CA99E26682F910095DAF6 /* LaunchScreen.storyboard in Resources */ = {isa = PBXBuildFile; fileRef = 325CA99C26682F910095DAF6 /* LaunchScreen.storyboard */; };
		325CA9AC266834440095DAF6 /* Pacifico-Regular.ttf in Resources */ = {isa = PBXBuildFile; fileRef = 325CA9A7266833210095DAF6 /* Pacifico-Regular.ttf */; };
		325CA9AF26683D190095DAF6 /* InfoView.swift in Sources */ = {isa = PBXBuildFile; fileRef = 325CA9AE26683D190095DAF6 /* InfoView.swift */; };
/* End PBXBuildFile section */

/* Begin PBXFileReference section */
		325CA98E26682F8E0095DAF6 /* KAH_Card.app */ = {isa = PBXFileReference; explicitFileType = wrapper.application; includeInIndex = 0; path = KAH_Card.app; sourceTree = BUILT_PRODUCTS_DIR; };
		325CA99126682F8E0095DAF6 /* AppDelegate.swift */ = {isa = PBXFileReference; lastKnownFileType = sourcecode.swift; path = AppDelegate.swift; sourceTree = "<group>"; };
		325CA99326682F8E0095DAF6 /* SceneDelegate.swift */ = {isa = PBXFileReference; lastKnownFileType = sourcecode.swift; path = SceneDelegate.swift; sourceTree = "<group>"; };
		325CA99526682F8E0095DAF6 /* ContentView.swift */ = {isa = PBXFileReference; lastKnownFileType = sourcecode.swift; path = ContentView.swift; sourceTree = "<group>"; };
		325CA99726682F910095DAF6 /* Assets.xcassets */ = {isa = PBXFileReference; lastKnownFileType = folder.assetcatalog; path = Assets.xcassets; sourceTree = "<group>"; };
		325CA99A26682F910095DAF6 /* Preview Assets.xcassets */ = {isa = PBXFileReference; lastKnownFileType = folder.assetcatalog; path = "Preview Assets.xcassets"; sourceTree = "<group>"; };
		325CA99D26682F910095DAF6 /* Base */ = {isa = PBXFileReference; lastKnownFileType = file.storyboard; name = Base; path = Base.lproj/LaunchScreen.storyboard; sourceTree = "<group>"; };
		325CA99F26682F910095DAF6 /* Info.plist */ = {isa = PBXFileReference; lastKnownFileType = text.plist.xml; path = Info.plist; sourceTree = "<group>"; };
		325CA9A7266833210095DAF6 /* Pacifico-Regular.ttf */ = {isa = PBXFileReference; lastKnownFileType = file; path = "Pacifico-Regular.ttf"; sourceTree = "<group>"; };
		325CA9AE26683D190095DAF6 /* InfoView.swift */ = {isa = PBXFileReference; lastKnownFileType = sourcecode.swift; path = InfoView.swift; sourceTree = "<group>"; };
/* End PBXFileReference section */

/* Begin PBXFrameworksBuildPhase section */
		325CA98B26682F8E0095DAF6 /* Frameworks */ = {
			isa = PBXFrameworksBuildPhase;
			buildActionMask = 2147483647;
			files = (
			);
			runOnlyForDeploymentPostprocessing = 0;
		};
/* End PBXFrameworksBuildPhase section */

/* Begin PBXGroup section */
		325CA98526682F8E0095DAF6 = {
			isa = PBXGroup;
			children = (
				325CA99026682F8E0095DAF6 /* KAH_Card */,
				325CA98F26682F8E0095DAF6 /* Products */,
			);
			sourceTree = "<group>";
		};
		325CA98F26682F8E0095DAF6 /* Products */ = {
			isa = PBXGroup;
			children = (
				325CA98E26682F8E0095DAF6 /* KAH_Card.app */,
			);
			name = Products;
			sourceTree = "<group>";
		};
		325CA99026682F8E0095DAF6 /* KAH_Card */ = {
			isa = PBXGroup;
			children = (
				325CA9A6266832EF0095DAF6 /* fonts */,
				325CA99126682F8E0095DAF6 /* AppDelegate.swift */,
				325CA99326682F8E0095DAF6 /* SceneDelegate.swift */,
				325CA99526682F8E0095DAF6 /* ContentView.swift */,
				325CA9AE26683D190095DAF6 /* InfoView.swift */,
				325CA99726682F910095DAF6 /* Assets.xcassets */,
				325CA99C26682F910095DAF6 /* LaunchScreen.storyboard */,
				325CA99F26682F910095DAF6 /* Info.plist */,
				325CA99926682F910095DAF6 /* Preview Content */,
			);
			path = KAH_Card;
			sourceTree = "<group>";
		};
		325CA99926682F910095DAF6 /* Preview Content */ = {
			isa = PBXGroup;
			children = (
				325CA99A26682F910095DAF6 /* Preview Assets.xcassets */,
			);
			path = "Preview Content";
			sourceTree = "<group>";
		};
		325CA9A6266832EF0095DAF6 /* fonts */ = {
			isa = PBXGroup;
			children = (
				325CA9A7266833210095DAF6 /* Pacifico-Regular.ttf */,
			);
			path = fonts;
			sourceTree = "<group>";
		};
/* End PBXGroup section */

/* Begin PBXNativeTarget section */
		325CA98D26682F8E0095DAF6 /* KAH_Card */ = {
			isa = PBXNativeTarget;
			buildConfigurationList = 325CA9A226682F910095DAF6 /* Build configuration list for PBXNativeTarget "KAH_Card" */;
			buildPhases = (
				325CA98A26682F8E0095DAF6 /* Sources */,
				325CA98B26682F8E0095DAF6 /* Frameworks */,
				325CA98C26682F8E0095DAF6 /* Resources */,
			);
			buildRules = (
			);
			dependencies = (
			);
			name = KAH_Card;
			productName = KAH_Card;
			productReference = 325CA98E26682F8E0095DAF6 /* KAH_Card.app */;
			productType = "com.apple.product-type.application";
		};
/* End PBXNativeTarget section */

/* Begin PBXProject section */
		325CA98626682F8E0095DAF6 /* Project object */ = {
			isa = PBXProject;
			attributes = {
				LastSwiftUpdateCheck = 1240;
				LastUpgradeCheck = 1240;
				TargetAttributes = {
					325CA98D26682F8E0095DAF6 = {
						CreatedOnToolsVersion = 12.4;
					};
				};
			};
			buildConfigurationList = 325CA98926682F8E0095DAF6 /* Build configuration list for PBXProject "KAH_Card" */;
			compatibilityVersion = "Xcode 9.3";
			developmentRegion = en;
			hasScannedForEncodings = 0;
			knownRegions = (
				en,
				Base,
			);
			mainGroup = 325CA98526682F8E0095DAF6;
			productRefGroup = 325CA98F26682F8E0095DAF6 /* Products */;
			projectDirPath = "";
			projectRoot = "";
			targets = (
				325CA98D26682F8E0095DAF6 /* KAH_Card */,
			);
		};
/* End PBXProject section */

/* Begin PBXResourcesBuildPhase section */
		325CA98C26682F8E0095DAF6 /* Resources */ = {
			isa = PBXResourcesBuildPhase;
			buildActionMask = 2147483647;
			files = (
				325CA99E26682F910095DAF6 /* LaunchScreen.storyboard in Resources */,
				325CA9AC266834440095DAF6 /* Pacifico-Regular.ttf in Resources */,
				325CA99B26682F910095DAF6 /* Preview Assets.xcassets in Resources */,
				325CA99826682F910095DAF6 /* Assets.xcassets in Resources */,
			);
			runOnlyForDeploymentPostprocessing = 0;
		};
/* End PBXResourcesBuildPhase section */

/* Begin PBXSourcesBuildPhase section */
		325CA98A26682F8E0095DAF6 /* Sources */ = {
			isa = PBXSourcesBuildPhase;
			buildActionMask = 2147483647;
			files = (
				325CA9AF26683D190095DAF6 /* InfoView.swift in Sources */,
				325CA99226682F8E0095DAF6 /* AppDelegate.swift in Sources */,
				325CA99426682F8E0095DAF6 /* SceneDelegate.swift in Sources */,
				325CA99626682F8E0095DAF6 /* ContentView.swift in Sources */,
			);
			runOnlyForDeploymentPostprocessing = 0;
		};
/* End PBXSourcesBuildPhase section */

/* Begin PBXVariantGroup section */
		325CA99C26682F910095DAF6 /* LaunchScreen.storyboard */ = {
			isa = PBXVariantGroup;
			children = (
				325CA99D26682F910095DAF6 /* Base */,
			);
			name = LaunchScreen.storyboard;
			sourceTree = "<group>";
		};
/* End PBXVariantGroup section */

/* Begin XCBuildConfiguration section */
		325CA9A026682F910095DAF6 /* Debug */ = {
			isa = XCBuildConfiguration;
			buildSettings = {
				ALWAYS_SEARCH_USER_PATHS = NO;
				CLANG_ANALYZER_NONNULL = YES;
				CLANG_ANALYZER_NUMBER_OBJECT_CONVERSION = YES_AGGRESSIVE;
				CLANG_CXX_LANGUAGE_STANDARD = "gnu++14";
				CLANG_CXX_LIBRARY = "libc++";
				CLANG_ENABLE_MODULES = YES;
				CLANG_ENABLE_OBJC_ARC = YES;
				CLANG_ENABLE_OBJC_WEAK = YES;
				CLANG_WARN_BLOCK_CAPTURE_AUTORELEASING = YES;
				CLANG_WARN_BOOL_CONVERSION = YES;
				CLANG_WARN_COMMA = YES;
				CLANG_WARN_CONSTANT_CONVERSION = YES;
				CLANG_WARN_DEPRECATED_OBJC_IMPLEMENTATIONS = YES;
				CLANG_WARN_DIRECT_OBJC_ISA_USAGE = YES_ERROR;
				CLANG_WARN_DOCUMENTATION_COMMENTS = YES;
				CLANG_WARN_EMPTY_BODY = YES;
				CLANG_WARN_ENUM_CONVERSION = YES;
				CLANG_WARN_INFINITE_RECURSION = YES;
				CLANG_WARN_INT_CONVERSION = YES;
				CLANG_WARN_NON_LITERAL_NULL_CONVERSION = YES;
				CLANG_WARN_OBJC_IMPLICIT_RETAIN_SELF = YES;
				CLANG_WARN_OBJC_LITERAL_CONVERSION = YES;
				CLANG_WARN_OBJC_ROOT_CLASS = YES_ERROR;
				CLANG_WARN_QUOTED_INCLUDE_IN_FRAMEWORK_HEADER = YES;
				CLANG_WARN_RANGE_LOOP_ANALYSIS = YES;
				CLANG_WARN_STRICT_PROTOTYPES = YES;
				CLANG_WARN_SUSPICIOUS_MOVE = YES;
				CLANG_WARN_UNGUARDED_AVAILABILITY = YES_AGGRESSIVE;
				CLANG_WARN_UNREACHABLE_CODE = YES;
				CLANG_WARN__DUPLICATE_METHOD_MATCH = YES;
				COPY_PHASE_STRIP = NO;
				DEBUG_INFORMATION_FORMAT = dwarf;
				ENABLE_STRICT_OBJC_MSGSEND = YES;
				ENABLE_TESTABILITY = YES;
				GCC_C_LANGUAGE_STANDARD = gnu11;
				GCC_DYNAMIC_NO_PIC = NO;
				GCC_NO_COMMON_BLOCKS = YES;
				GCC_OPTIMIZATION_LEVEL = 0;
				GCC_PREPROCESSOR_DEFINITIONS = (
					"DEBUG=1",
					"$(inherited)",
				);
				GCC_WARN_64_TO_32_BIT_CONVERSION = YES;
				GCC_WARN_ABOUT_RETURN_TYPE = YES_ERROR;
				GCC_WARN_UNDECLARED_SELECTOR = YES;
				GCC_WARN_UNINITIALIZED_AUTOS = YES_AGGRESSIVE;
				GCC_WARN_UNUSED_FUNCTION = YES;
				GCC_WARN_UNUSED_VARIABLE = YES;
				IPHONEOS_DEPLOYMENT_TARGET = 14.4;
				MTL_ENABLE_DEBUG_INFO = INCLUDE_SOURCE;
				MTL_FAST_MATH = YES;
				ONLY_ACTIVE_ARCH = YES;
				SDKROOT = iphoneos;
				SWIFT_ACTIVE_COMPILATION_CONDITIONS = DEBUG;
				SWIFT_OPTIMIZATION_LEVEL = "-Onone";
			};
			name = Debug;
		};
		325CA9A126682F910095DAF6 /* Release */ = {
			isa = XCBuildConfiguration;
			buildSettings = {
				ALWAYS_SEARCH_USER_PATHS = NO;
				CLANG_ANALYZER_NONNULL = YES;
				CLANG_ANALYZER_NUMBER_OBJECT_CONVERSION = YES_AGGRESSIVE;
				CLANG_CXX_LANGUAGE_STANDARD = "gnu++14";
				CLANG_CXX_LIBRARY = "libc++";
				CLANG_ENABLE_MODULES = YES;
				CLANG_ENABLE_OBJC_ARC = YES;
				CLANG_ENABLE_OBJC_WEAK = YES;
				CLANG_WARN_BLOCK_CAPTURE_AUTORELEASING = YES;
				CLANG_WARN_BOOL_CONVERSION = YES;
				CLANG_WARN_COMMA = YES;
				CLANG_WARN_CONSTANT_CONVERSION = YES;
				CLANG_WARN_DEPRECATED_OBJC_IMPLEMENTATIONS = YES;
				CLANG_WARN_DIRECT_OBJC_ISA_USAGE = YES_ERROR;
				CLANG_WARN_DOCUMENTATION_COMMENTS = YES;
				CLANG_WARN_EMPTY_BODY = YES;
				CLANG_WARN_ENUM_CONVERSION = YES;
				CLANG_WARN_INFINITE_RECURSION = YES;
				CLANG_WARN_INT_CONVERSION = YES;
				CLANG_WARN_NON_LITERAL_NULL_CONVERSION = YES;
				CLANG_WARN_OBJC_IMPLICIT_RETAIN_SELF = YES;
				CLANG_WARN_OBJC_LITERAL_CONVERSION = YES;
				CLANG_WARN_OBJC_ROOT_CLASS = YES_ERROR;
				CLANG_WARN_QUOTED_INCLUDE_IN_FRAMEWORK_HEADER = YES;
				CLANG_WARN_RANGE_LOOP_ANALYSIS = YES;
				CLANG_WARN_STRICT_PROTOTYPES = YES;
				CLANG_WARN_SUSPICIOUS_MOVE = YES;
				CLANG_WARN_UNGUARDED_AVAILABILITY = YES_AGGRESSIVE;
				CLANG_WARN_UNREACHABLE_CODE = YES;
				CLANG_WARN__DUPLICATE_METHOD_MATCH = YES;
				COPY_PHASE_STRIP = NO;
				DEBUG_INFORMATION_FORMAT = "dwarf-with-dsym";
				ENABLE_NS_ASSERTIONS = NO;
				ENABLE_STRICT_OBJC_MSGSEND = YES;
				GCC_C_LANGUAGE_STANDARD = gnu11;
				GCC_NO_COMMON_BLOCKS = YES;
				GCC_WARN_64_TO_32_BIT_CONVERSION = YES;
				GCC_WARN_ABOUT_RETURN_TYPE = YES_ERROR;
				GCC_WARN_UNDECLARED_SELECTOR = YES;
				GCC_WARN_UNINITIALIZED_AUTOS = YES_AGGRESSIVE;
				GCC_WARN_UNUSED_FUNCTION = YES;
				GCC_WARN_UNUSED_VARIABLE = YES;
				IPHONEOS_DEPLOYMENT_TARGET = 14.4;
				MTL_ENABLE_DEBUG_INFO = NO;
				MTL_FAST_MATH = YES;
				SDKROOT = iphoneos;
				SWIFT_COMPILATION_MODE = wholemodule;
				SWIFT_OPTIMIZATION_LEVEL = "-O";
				VALIDATE_PRODUCT = YES;
			};
			name = Release;
		};
		325CA9A326682F910095DAF6 /* Debug */ = {
			isa = XCBuildConfiguration;
			buildSettings = {
				ASSETCATALOG_COMPILER_APPICON_NAME = AppIcon;
				ASSETCATALOG_COMPILER_GLOBAL_ACCENT_COLOR_NAME = AccentColor;
				CODE_SIGN_STYLE = Automatic;
				DEVELOPMENT_ASSET_PATHS = "\"KAH_Card/Preview Content\"";
				ENABLE_PREVIEWS = YES;
				INFOPLIST_FILE = KAH_Card/Info.plist;
				LD_RUNPATH_SEARCH_PATHS = (
					"$(inherited)",
					"@executable_path/Frameworks",
				);
				PRODUCT_BUNDLE_IDENTIFIER = "com.KAH-Services.KAH-Card";
				PRODUCT_NAME = "$(TARGET_NAME)";
				SWIFT_VERSION = 5.0;
				TARGETED_DEVICE_FAMILY = "1,2";
			};
			name = Debug;
		};
		325CA9A426682F910095DAF6 /* Release */ = {
			isa = XCBuildConfiguration;
			buildSettings = {
				ASSETCATALOG_COMPILER_APPICON_NAME = AppIcon;
				ASSETCATALOG_COMPILER_GLOBAL_ACCENT_COLOR_NAME = AccentColor;
				CODE_SIGN_STYLE = Automatic;
				DEVELOPMENT_ASSET_PATHS = "\"KAH_Card/Preview Content\"";
				ENABLE_PREVIEWS = YES;
				INFOPLIST_FILE = KAH_Card/Info.plist;
				LD_RUNPATH_SEARCH_PATHS = (
					"$(inherited)",
					"@executable_path/Frameworks",
				);
				PRODUCT_BUNDLE_IDENTIFIER = "com.KAH-Services.KAH-Card";
				PRODUCT_NAME = "$(TARGET_NAME)";
				SWIFT_VERSION = 5.0;
				TARGETED_DEVICE_FAMILY = "1,2";
			};
			name = Release;
		};
/* End XCBuildConfiguration section */

/* Begin XCConfigurationList section */
		325CA98926682F8E0095DAF6 /* Build configuration list for PBXProject "KAH_Card" */ = {
			isa = XCConfigurationList;
			buildConfigurations = (
				325CA9A026682F910095DAF6 /* Debug */,
				325CA9A126682F910095DAF6 /* Release */,
			);
			defaultConfigurationIsVisible = 0;
			defaultConfigurationName = Release;
		};
		325CA9A226682F910095DAF6 /* Build configuration list for PBXNativeTarget "KAH_Card" */ = {
			isa = XCConfigurationList;
			buildConfigurations = (
				325CA9A326682F910095DAF6 /* Debug */,
				325CA9A426682F910095DAF6 /* Release */,
			);
			defaultConfigurationIsVisible = 0;
			defaultConfigurationName = Release;
		};
/* End XCConfigurationList section */
	};
	rootObject = 325CA98626682F8E0095DAF6 /* Project object */;
}
